
Microsoft Visual Studio Solution File, Format Version 12.00
Project("{2150E333-8FDC-42A3-9474-1A3956D46DE8}") = "1. API", "1. API", "{E951A305-4DB8-49C7-9A41-EEB05667464C}"
EndProject
Project("{2150E333-8FDC-42A3-9474-1A3956D46DE8}") = "2. Domain", "2. Domain", "{529D7C11-608D-41AF-8A65-7362E6BE4C5F}"
EndProject
Project("{2150E333-8FDC-42A3-9474-1A3956D46DE8}") = "3. Infrastructure", "3. Infrastructure", "{4CA18CAF-9B4C-4947-91F8-E3387F00FB44}"
EndProject
Project("{2150E333-8FDC-42A3-9474-1A3956D46DE8}") = "4. Common", "4. Common", "{23AE1DBA-1014-4358-A7F5-3CE6407B7FAF}"
EndProject
Project("{2150E333-8FDC-42A3-9474-1A3956D46DE8}") = "5. Tests", "5. Tests", "{3D9D64EF-BFC4-4ADA-BCDD-382BFFB94DDB}"
EndProject
Project("{FAE04EC0-301F-11D3-BF4B-00C04F79EFBC}") = "WMarket.Operation.Api", "WMarket.Operation.Api\WMarket.Operation.Api.csproj", "{AFF27991-CBA1-4B26-90F0-1178CA5E3D63}"
EndProject
Project("{FAE04EC0-301F-11D3-BF4B-00C04F79EFBC}") = "WMarket.Modules", "WMarket.Modules\WMarket.Modules.csproj", "{8E7DAFEC-DF2B-4DA7-AD02-42A03BFBB4BF}"
EndProject
Project("{FAE04EC0-301F-11D3-BF4B-00C04F79EFBC}") = "WMarket.Data", "WMarket.Data\WMarket.Data.csproj", "{0C678488-295D-431D-87B8-F3EFC3D18240}"
EndProject
Project("{FAE04EC0-301F-11D3-BF4B-00C04F79EFBC}") = "WMarket.Common.Models", "WMarket.Common.Models\WMarket.Common.Models.csproj", "{FEC5B887-2FD6-4CAE-9AB1-8916AA5D9C19}"
EndProject
Project("{FAE04EC0-301F-11D3-BF4B-00C04F79EFBC}") = "WMarket.Common", "WMarket.Common\WMarket.Common.csproj", "{010A5369-52D8-4DEA-A060-40969562D435}"
EndProject
Project("{FAE04EC0-301F-11D3-BF4B-00C04F79EFBC}") = "WMarket.Common.Api", "WMarket.Common.Api\WMarket.Common.Api.csproj", "{9400BA23-0DD4-495C-941C-09643E12FE4D}"
EndProject
Global
	GlobalSection(SolutionConfigurationPlatforms) = preSolution
		Debug|Any CPU = Debug|Any CPU
		Release|Any CPU = Release|Any CPU
	EndGlobalSection
	GlobalSection(NestedProjects) = preSolution
		{AFF27991-CBA1-4B26-90F0-1178CA5E3D63} = {E951A305-4DB8-49C7-9A41-EEB05667464C}
		{8E7DAFEC-DF2B-4DA7-AD02-42A03BFBB4BF} = {529D7C11-608D-41AF-8A65-7362E6BE4C5F}
		{0C678488-295D-431D-87B8-F3EFC3D18240} = {4CA18CAF-9B4C-4947-91F8-E3387F00FB44}
		{FEC5B887-2FD6-4CAE-9AB1-8916AA5D9C19} = {23AE1DBA-1014-4358-A7F5-3CE6407B7FAF}
		{010A5369-52D8-4DEA-A060-40969562D435} = {23AE1DBA-1014-4358-A7F5-3CE6407B7FAF}
		{9400BA23-0DD4-495C-941C-09643E12FE4D} = {23AE1DBA-1014-4358-A7F5-3CE6407B7FAF}
	EndGlobalSection
	GlobalSection(ProjectConfigurationPlatforms) = postSolution
		{AFF27991-CBA1-4B26-90F0-1178CA5E3D63}.Debug|Any CPU.ActiveCfg = Debug|Any CPU
		{AFF27991-CBA1-4B26-90F0-1178CA5E3D63}.Debug|Any CPU.Build.0 = Debug|Any CPU
		{AFF27991-CBA1-4B26-90F0-1178CA5E3D63}.Release|Any CPU.ActiveCfg = Release|Any CPU
		{AFF27991-CBA1-4B26-90F0-1178CA5E3D63}.Release|Any CPU.Build.0 = Release|Any CPU
		{8E7DAFEC-DF2B-4DA7-AD02-42A03BFBB4BF}.Debug|Any CPU.ActiveCfg = Debug|Any CPU
		{8E7DAFEC-DF2B-4DA7-AD02-42A03BFBB4BF}.Debug|Any CPU.Build.0 = Debug|Any CPU
		{8E7DAFEC-DF2B-4DA7-AD02-42A03BFBB4BF}.Release|Any CPU.ActiveCfg = Release|Any CPU
		{8E7DAFEC-DF2B-4DA7-AD02-42A03BFBB4BF}.Release|Any CPU.Build.0 = Release|Any CPU
		{0C678488-295D-431D-87B8-F3EFC3D18240}.Debug|Any CPU.ActiveCfg = Debug|Any CPU
		{0C678488-295D-431D-87B8-F3EFC3D18240}.Debug|Any CPU.Build.0 = Debug|Any CPU
		{0C678488-295D-431D-87B8-F3EFC3D18240}.Release|Any CPU.ActiveCfg = Release|Any CPU
		{0C678488-295D-431D-87B8-F3EFC3D18240}.Release|Any CPU.Build.0 = Release|Any CPU
		{FEC5B887-2FD6-4CAE-9AB1-8916AA5D9C19}.Debug|Any CPU.ActiveCfg = Debug|Any CPU
		{FEC5B887-2FD6-4CAE-9AB1-8916AA5D9C19}.Debug|Any CPU.Build.0 = Debug|Any CPU
		{FEC5B887-2FD6-4CAE-9AB1-8916AA5D9C19}.Release|Any CPU.ActiveCfg = Release|Any CPU
		{FEC5B887-2FD6-4CAE-9AB1-8916AA5D9C19}.Release|Any CPU.Build.0 = Release|Any CPU
		{010A5369-52D8-4DEA-A060-40969562D435}.Debug|Any CPU.ActiveCfg = Debug|Any CPU
		{010A5369-52D8-4DEA-A060-40969562D435}.Debug|Any CPU.Build.0 = Debug|Any CPU
		{010A5369-52D8-4DEA-A060-40969562D435}.Release|Any CPU.ActiveCfg = Release|Any CPU
		{010A5369-52D8-4DEA-A060-40969562D435}.Release|Any CPU.Build.0 = Release|Any CPU
		{9400BA23-0DD4-495C-941C-09643E12FE4D}.Debug|Any CPU.ActiveCfg = Debug|Any CPU
		{9400BA23-0DD4-495C-941C-09643E12FE4D}.Debug|Any CPU.Build.0 = Debug|Any CPU
		{9400BA23-0DD4-495C-941C-09643E12FE4D}.Release|Any CPU.ActiveCfg = Release|Any CPU
		{9400BA23-0DD4-495C-941C-09643E12FE4D}.Release|Any CPU.Build.0 = Release|Any CPU
	EndGlobalSection
EndGlobal
